
Microsoft Visual Studio Solution File, Format Version 12.00
# Visual Studio Version 17
VisualStudioVersion = 17.11.35327.3
MinimumVisualStudioVersion = 10.0.40219.1
Project("{FAE04EC0-301F-11D3-BF4B-00C04F79EFBC}") = "RestaurantManager", "RestaurantManager\RestaurantManager.csproj", "{04E48C9B-6961-4455-ACC0-443C8B43D6FF}"
EndProject
Global
	GlobalSection(SolutionConfigurationPlatforms) = preSolution
		Debug|Any CPU = Debug|Any CPU
		Release|Any CPU = Release|Any CPU
	EndGlobalSection
	GlobalSection(ProjectConfigurationPlatforms) = postSolution
		{04E48C9B-6961-4455-ACC0-443C8B43D6FF}.Debug|Any CPU.ActiveCfg = Debug|Any CPU
		{04E48C9B-6961-4455-ACC0-443C8B43D6FF}.Debug|Any CPU.Build.0 = Debug|Any CPU
		{04E48C9B-6961-4455-ACC0-443C8B43D6FF}.Release|Any CPU.ActiveCfg = Release|Any CPU
		{04E48C9B-6961-4455-ACC0-443C8B43D6FF}.Release|Any CPU.Build.0 = Release|Any CPU
	EndGlobalSection
	GlobalSection(SolutionProperties) = preSolution
		HideSolutionNode = FALSE
	EndGlobalSection
	GlobalSection(ExtensibilityGlobals) = postSolution
		SolutionGuid = {AE838EFE-083D-41F2-BC65-3E338FD83619}
	EndGlobalSection
EndGlobal
